
Microsoft Visual Studio Solution File, Format Version 12.00
# Visual Studio 15
VisualStudioVersion = 15.0.27019.1
MinimumVisualStudioVersion = 10.0.40219.1
Project("{9A19103F-16F7-4668-BE54-9A1E7A4F7556}") = "GraphemeSplitter", "GraphemeSplitter\GraphemeSplitter.csproj", "{DC661A8E-C196-4838-B7ED-C55189B75F6D}"
EndProject
Project("{9A19103F-16F7-4668-BE54-9A1E7A4F7556}") = "GraphemeBreakPropertyCodeGenerator", "GraphemeBreakPropertyCodeGenerator\GraphemeBreakPropertyCodeGenerator.csproj", "{B29BBEEA-2D0B-4B86-8540-FD2ACD2EB167}"
EndProject
Project("{FAE04EC0-301F-11D3-BF4B-00C04F79EFBC}") = "GraphemeSplitterTest", "GraphemeSplitterTest\GraphemeSplitterTest.csproj", "{E84D614A-77F3-4653-8CC0-378E47A38669}"
EndProject
Global
	GlobalSection(SolutionConfigurationPlatforms) = preSolution
		Debug|Any CPU = Debug|Any CPU
		Release|Any CPU = Release|Any CPU
	EndGlobalSection
	GlobalSection(ProjectConfigurationPlatforms) = postSolution
		{DC661A8E-C196-4838-B7ED-C55189B75F6D}.Debug|Any CPU.ActiveCfg = Debug|Any CPU
		{DC661A8E-C196-4838-B7ED-C55189B75F6D}.Debug|Any CPU.Build.0 = Debug|Any CPU
		{DC661A8E-C196-4838-B7ED-C55189B75F6D}.Release|Any CPU.ActiveCfg = Release|Any CPU
		{DC661A8E-C196-4838-B7ED-C55189B75F6D}.Release|Any CPU.Build.0 = Release|Any CPU
		{B29BBEEA-2D0B-4B86-8540-FD2ACD2EB167}.Debug|Any CPU.ActiveCfg = Debug|Any CPU
		{B29BBEEA-2D0B-4B86-8540-FD2ACD2EB167}.Debug|Any CPU.Build.0 = Debug|Any CPU
		{B29BBEEA-2D0B-4B86-8540-FD2ACD2EB167}.Release|Any CPU.ActiveCfg = Release|Any CPU
		{B29BBEEA-2D0B-4B86-8540-FD2ACD2EB167}.Release|Any CPU.Build.0 = Release|Any CPU
		{E84D614A-77F3-4653-8CC0-378E47A38669}.Debug|Any CPU.ActiveCfg = Debug|Any CPU
		{E84D614A-77F3-4653-8CC0-378E47A38669}.Debug|Any CPU.Build.0 = Debug|Any CPU
		{E84D614A-77F3-4653-8CC0-378E47A38669}.Release|Any CPU.ActiveCfg = Release|Any CPU
		{E84D614A-77F3-4653-8CC0-378E47A38669}.Release|Any CPU.Build.0 = Release|Any CPU
	EndGlobalSection
	GlobalSection(SolutionProperties) = preSolution
		HideSolutionNode = FALSE
	EndGlobalSection
	GlobalSection(ExtensibilityGlobals) = postSolution
		SolutionGuid = {D9123504-BE49-4770-8207-0724ACC579DE}
	EndGlobalSection
EndGlobal
