
Microsoft Visual Studio Solution File, Format Version 12.00
# Visual Studio 15
VisualStudioVersion = 15.0.27019.1
MinimumVisualStudioVersion = 10.0.40219.1
Project("{9A19103F-16F7-4668-BE54-9A1E7A4F7556}") = "GraphemeSplitter", "GraphemeSplitter\GraphemeSplitter.csproj", "{DC661A8E-C196-4838-B7ED-C55189B75F6D}"
EndProject
Project("{9A19103F-16F7-4668-BE54-9A1E7A4F7556}") = "GraphemeBreakPropertyCodeGenerator", "GraphemeBreakPropertyCodeGenerator\GraphemeBreakPropertyCodeGenerator.csproj", "{B29BBEEA-2D0B-4B86-8540-FD2ACD2EB167}"
EndProject
Project("{FAE04EC0-301F-11D3-BF4B-00C04F79EFBC}") = "GraphemeSplitterTest", "GraphemeSplitterTest\GraphemeSplitterTest.csproj", "{E84D614A-77F3-4653-8CC0-378E47A38669}"
EndProject
Project("{2150E333-8FDC-42A3-9474-1A3956D46DE8}") = "tools", "tools", "{8F8FE1AF-0B13-47D8-989B-449F816EF319}"
EndProject
Project("{2150E333-8FDC-42A3-9474-1A3956D46DE8}") = "src", "src", "{81B7CD99-363D-4CC2-BB25-7F0FF8586189}"
EndProject
Project("{2150E333-8FDC-42A3-9474-1A3956D46DE8}") = "tests", "tests", "{6A59D320-50AA-4C3B-8031-9CF44851793A}"
EndProject
Project("{2150E333-8FDC-42A3-9474-1A3956D46DE8}") = "samples", "samples", "{EA0972E1-AB74-4DC3-8BBB-4D0884EE3DE5}"
EndProject
Project("{FAE04EC0-301F-11D3-BF4B-00C04F79EFBC}") = "RazorPageSample", "RazorPageSample\RazorPageSample.csproj", "{871DB1E9-9567-40E8-9E50-C65E3CFEEE01}"
EndProject
Global
	GlobalSection(SolutionConfigurationPlatforms) = preSolution
		Debug|Any CPU = Debug|Any CPU
		DebugV10|Any CPU = DebugV10|Any CPU
		DebugV9|Any CPU = DebugV9|Any CPU
		Release|Any CPU = Release|Any CPU
		ReleaseV10|Any CPU = ReleaseV10|Any CPU
		ReleaseV9|Any CPU = ReleaseV9|Any CPU
	EndGlobalSection
	GlobalSection(ProjectConfigurationPlatforms) = postSolution
		{DC661A8E-C196-4838-B7ED-C55189B75F6D}.Debug|Any CPU.ActiveCfg = Debug|Any CPU
		{DC661A8E-C196-4838-B7ED-C55189B75F6D}.Debug|Any CPU.Build.0 = Debug|Any CPU
		{DC661A8E-C196-4838-B7ED-C55189B75F6D}.DebugV10|Any CPU.ActiveCfg = DebugV10|Any CPU
		{DC661A8E-C196-4838-B7ED-C55189B75F6D}.DebugV10|Any CPU.Build.0 = DebugV10|Any CPU
		{DC661A8E-C196-4838-B7ED-C55189B75F6D}.DebugV9|Any CPU.ActiveCfg = DebugV9|Any CPU
		{DC661A8E-C196-4838-B7ED-C55189B75F6D}.DebugV9|Any CPU.Build.0 = DebugV9|Any CPU
		{DC661A8E-C196-4838-B7ED-C55189B75F6D}.Release|Any CPU.ActiveCfg = Release|Any CPU
		{DC661A8E-C196-4838-B7ED-C55189B75F6D}.Release|Any CPU.Build.0 = Release|Any CPU
		{DC661A8E-C196-4838-B7ED-C55189B75F6D}.ReleaseV10|Any CPU.ActiveCfg = ReleaseV10|Any CPU
		{DC661A8E-C196-4838-B7ED-C55189B75F6D}.ReleaseV10|Any CPU.Build.0 = ReleaseV10|Any CPU
		{DC661A8E-C196-4838-B7ED-C55189B75F6D}.ReleaseV9|Any CPU.ActiveCfg = ReleaseV9|Any CPU
		{DC661A8E-C196-4838-B7ED-C55189B75F6D}.ReleaseV9|Any CPU.Build.0 = ReleaseV9|Any CPU
		{B29BBEEA-2D0B-4B86-8540-FD2ACD2EB167}.Debug|Any CPU.ActiveCfg = Debug|Any CPU
		{B29BBEEA-2D0B-4B86-8540-FD2ACD2EB167}.Debug|Any CPU.Build.0 = Debug|Any CPU
		{B29BBEEA-2D0B-4B86-8540-FD2ACD2EB167}.DebugV10|Any CPU.ActiveCfg = Debug|Any CPU
		{B29BBEEA-2D0B-4B86-8540-FD2ACD2EB167}.DebugV10|Any CPU.Build.0 = Debug|Any CPU
		{B29BBEEA-2D0B-4B86-8540-FD2ACD2EB167}.DebugV9|Any CPU.ActiveCfg = Debug|Any CPU
		{B29BBEEA-2D0B-4B86-8540-FD2ACD2EB167}.DebugV9|Any CPU.Build.0 = Debug|Any CPU
		{B29BBEEA-2D0B-4B86-8540-FD2ACD2EB167}.Release|Any CPU.ActiveCfg = Release|Any CPU
		{B29BBEEA-2D0B-4B86-8540-FD2ACD2EB167}.Release|Any CPU.Build.0 = Release|Any CPU
		{B29BBEEA-2D0B-4B86-8540-FD2ACD2EB167}.ReleaseV10|Any CPU.ActiveCfg = Release|Any CPU
		{B29BBEEA-2D0B-4B86-8540-FD2ACD2EB167}.ReleaseV10|Any CPU.Build.0 = Release|Any CPU
		{B29BBEEA-2D0B-4B86-8540-FD2ACD2EB167}.ReleaseV9|Any CPU.ActiveCfg = Release|Any CPU
		{B29BBEEA-2D0B-4B86-8540-FD2ACD2EB167}.ReleaseV9|Any CPU.Build.0 = Release|Any CPU
		{E84D614A-77F3-4653-8CC0-378E47A38669}.Debug|Any CPU.ActiveCfg = Debug|Any CPU
		{E84D614A-77F3-4653-8CC0-378E47A38669}.Debug|Any CPU.Build.0 = Debug|Any CPU
		{E84D614A-77F3-4653-8CC0-378E47A38669}.DebugV10|Any CPU.ActiveCfg = Debug|Any CPU
		{E84D614A-77F3-4653-8CC0-378E47A38669}.DebugV10|Any CPU.Build.0 = Debug|Any CPU
		{E84D614A-77F3-4653-8CC0-378E47A38669}.DebugV9|Any CPU.ActiveCfg = Debug|Any CPU
		{E84D614A-77F3-4653-8CC0-378E47A38669}.DebugV9|Any CPU.Build.0 = Debug|Any CPU
		{E84D614A-77F3-4653-8CC0-378E47A38669}.Release|Any CPU.ActiveCfg = Release|Any CPU
		{E84D614A-77F3-4653-8CC0-378E47A38669}.Release|Any CPU.Build.0 = Release|Any CPU
		{E84D614A-77F3-4653-8CC0-378E47A38669}.ReleaseV10|Any CPU.ActiveCfg = Release|Any CPU
		{E84D614A-77F3-4653-8CC0-378E47A38669}.ReleaseV10|Any CPU.Build.0 = Release|Any CPU
		{E84D614A-77F3-4653-8CC0-378E47A38669}.ReleaseV9|Any CPU.ActiveCfg = Release|Any CPU
		{E84D614A-77F3-4653-8CC0-378E47A38669}.ReleaseV9|Any CPU.Build.0 = Release|Any CPU
		{871DB1E9-9567-40E8-9E50-C65E3CFEEE01}.Debug|Any CPU.ActiveCfg = Debug|Any CPU
		{871DB1E9-9567-40E8-9E50-C65E3CFEEE01}.Debug|Any CPU.Build.0 = Debug|Any CPU
		{871DB1E9-9567-40E8-9E50-C65E3CFEEE01}.DebugV10|Any CPU.ActiveCfg = Debug|Any CPU
		{871DB1E9-9567-40E8-9E50-C65E3CFEEE01}.DebugV10|Any CPU.Build.0 = Debug|Any CPU
		{871DB1E9-9567-40E8-9E50-C65E3CFEEE01}.DebugV9|Any CPU.ActiveCfg = Debug|Any CPU
		{871DB1E9-9567-40E8-9E50-C65E3CFEEE01}.DebugV9|Any CPU.Build.0 = Debug|Any CPU
		{871DB1E9-9567-40E8-9E50-C65E3CFEEE01}.Release|Any CPU.ActiveCfg = Release|Any CPU
		{871DB1E9-9567-40E8-9E50-C65E3CFEEE01}.Release|Any CPU.Build.0 = Release|Any CPU
		{871DB1E9-9567-40E8-9E50-C65E3CFEEE01}.ReleaseV10|Any CPU.ActiveCfg = Release|Any CPU
		{871DB1E9-9567-40E8-9E50-C65E3CFEEE01}.ReleaseV10|Any CPU.Build.0 = Release|Any CPU
		{871DB1E9-9567-40E8-9E50-C65E3CFEEE01}.ReleaseV9|Any CPU.ActiveCfg = Release|Any CPU
		{871DB1E9-9567-40E8-9E50-C65E3CFEEE01}.ReleaseV9|Any CPU.Build.0 = Release|Any CPU
	EndGlobalSection
	GlobalSection(SolutionProperties) = preSolution
		HideSolutionNode = FALSE
	EndGlobalSection
	GlobalSection(NestedProjects) = preSolution
		{DC661A8E-C196-4838-B7ED-C55189B75F6D} = {81B7CD99-363D-4CC2-BB25-7F0FF8586189}
		{B29BBEEA-2D0B-4B86-8540-FD2ACD2EB167} = {8F8FE1AF-0B13-47D8-989B-449F816EF319}
		{E84D614A-77F3-4653-8CC0-378E47A38669} = {6A59D320-50AA-4C3B-8031-9CF44851793A}
		{871DB1E9-9567-40E8-9E50-C65E3CFEEE01} = {EA0972E1-AB74-4DC3-8BBB-4D0884EE3DE5}
	EndGlobalSection
	GlobalSection(ExtensibilityGlobals) = postSolution
		SolutionGuid = {D9123504-BE49-4770-8207-0724ACC579DE}
	EndGlobalSection
EndGlobal
